<?xml version="1.0" encoding="utf-8"?>
<Project ToolsVersion="4.0" xmlns="http://schemas.microsoft.com/developer/msbuild/2003">
  <ItemGroup>
    <Filter Include="Source Files">
      <UniqueIdentifier>{4FC737F1-C7A5-4376-A066-2A32D752A2FF}</UniqueIdentifier>
      <Extensions>qml;cpp;c;cc;cxx;def;odl;idl;hpj;bat;asm;asmx</Extensions>
    </Filter>
    <Filter Include="Header Files">
      <UniqueIdentifier>{93995380-89BD-4b04-88EB-625FBE52EBFB}</UniqueIdentifier>
      <Extensions>h;hh;hpp;hxx;hm;inl;inc;xsd</Extensions>
    </Filter>
    <Filter Include="Resource Files">
      <UniqueIdentifier>{67DA6AB6-F800-4c08-8B7A-83BB121AAD01}</UniqueIdentifier>
      <Extensions>qrc;rc;ico;cur;bmp;dlg;rc2;rct;bin;rgs;gif;jpg;jpeg;jpe;resx;tiff;tif;png;wav;mfcribbon-ms</Extensions>
    </Filter>
    <Filter Include="Form Files">
      <UniqueIdentifier>{99349809-55BA-4b9d-BF79-8FDBB0286EB3}</UniqueIdentifier>
      <Extensions>ui</Extensions>
    </Filter>
    <Filter Include="Translation Files">
      <UniqueIdentifier>{639EADAA-A684-42e4-A9AD-28FC9BCB8F7C}</UniqueIdentifier>
      <Extensions>ts</Extensions>
    </Filter>
    <Filter Include="Source Files\widget">
      <UniqueIdentifier>{5eb57819-e790-4c05-881e-e108139d6f57}</UniqueIdentifier>
    </Filter>
    <Filter Include="Header Files\widget">
      <UniqueIdentifier>{3ce0c552-ba0c-4512-af2a-f6362fe45bc6}</UniqueIdentifier>
    </Filter>
    <Filter Include="Form Files\widget">
      <UniqueIdentifier>{dbadfeea-68e6-41d3-8e73-658180124864}</UniqueIdentifier>
    </Filter>
  </ItemGroup>
  <ItemGroup>
    <QtRcc Include="LMS.qrc">
      <Filter>Resource Files</Filter>
    </QtRcc>
  </ItemGroup>
  <ItemGroup>
    <ClCompile Include="main.cpp">
      <Filter>Source Files</Filter>
    </ClCompile>
    <ClCompile Include="BookManager.cpp">
      <Filter>Source Files\widget</Filter>
    </ClCompile>
    <ClCompile Include="BookReader.cpp">
      <Filter>Source Files\widget</Filter>
    </ClCompile>
    <ClCompile Include="LMS.cpp">
      <Filter>Source Files\widget</Filter>
    </ClCompile>
    <ClCompile Include="SysManager.cpp">
      <Filter>Source Files\widget</Filter>
    </ClCompile>
  </ItemGroup>
  <ItemGroup>
    <QtMoc Include="BookManager.h">
      <Filter>Header Files\widget</Filter>
    </QtMoc>
    <QtMoc Include="BookReader.h">
      <Filter>Header Files\widget</Filter>
    </QtMoc>
    <QtMoc Include="LMS.hpp">
      <Filter>Header Files\widget</Filter>
    </QtMoc>
    <QtMoc Include="SysManager.h">
      <Filter>Header Files\widget</Filter>
    </QtMoc>
  </ItemGroup>
  <ItemGroup>
    <QtUic Include="BookManager.ui">
      <Filter>Form Files\widget</Filter>
    </QtUic>
    <QtUic Include="LMS.ui">
      <Filter>Form Files\widget</Filter>
    </QtUic>
    <QtUic Include="BookReader.ui">
      <Filter>Form Files\widget</Filter>
    </QtUic>
    <QtUic Include="SysManager.ui">
      <Filter>Form Files\widget</Filter>
    </QtUic>
  </ItemGroup>
</Project>